<?xml version="1.0" encoding="utf-8"?>
<Project ToolsVersion="4.0" xmlns="http://schemas.microsoft.com/developer/msbuild/2003">
  <ItemGroup>
    <Filter Include="소스 파일">
      <UniqueIdentifier>{4FC737F1-C7A5-4376-A066-2A32D752A2FF}</UniqueIdentifier>
      <Extensions>cpp;c;cc;cxx;c++;cppm;ixx;def;odl;idl;hpj;bat;asm;asmx</Extensions>
    </Filter>
    <Filter Include="리소스 파일">
      <UniqueIdentifier>{67DA6AB6-F800-4c08-8B7A-83BB121AAD01}</UniqueIdentifier>
      <Extensions>rc;ico;cur;bmp;dlg;rc2;rct;bin;rgs;gif;jpg;jpeg;jpe;resx;tiff;tif;png;wav;mfcribbon-ms</Extensions>
    </Filter>
    <Filter Include="소스 파일\Array">
      <UniqueIdentifier>{64e5491c-064f-4682-b14f-fad8e62e24b6}</UniqueIdentifier>
    </Filter>
    <Filter Include="소스 파일\Array\1.DynamicArray">
      <UniqueIdentifier>{d1daec98-e960-43d7-8f39-6d8bfd8650dd}</UniqueIdentifier>
    </Filter>
    <Filter Include="소스 파일\Array\2.BuildArray">
      <UniqueIdentifier>{7b34161f-063e-4702-8d0c-b5d43b2d4dd4}</UniqueIdentifier>
    </Filter>
    <Filter Include="소스 파일\Foward_list">
      <UniqueIdentifier>{51600daa-c316-4ec6-bd67-a26f86f0a287}</UniqueIdentifier>
    </Filter>
    <Filter Include="소스 파일\UserDefineContainer">
      <UniqueIdentifier>{a24c4afa-e8cb-4db7-8665-82be7eaeb21a}</UniqueIdentifier>
    </Filter>
    <Filter Include="소스 파일\_Question">
      <UniqueIdentifier>{77bf0c71-28d1-4ac6-81a2-83ede9c98b41}</UniqueIdentifier>
    </Filter>
    <Filter Include="소스 파일\_Question\Playlist">
      <UniqueIdentifier>{a5b0e69d-c50a-4c84-9c1b-71ded610d3c3}</UniqueIdentifier>
    </Filter>
    <Filter Include="소스 파일\_Question\Cardgame">
      <UniqueIdentifier>{3315b753-e368-429a-b4ca-bf366c67d3ec}</UniqueIdentifier>
    </Filter>
    <Filter Include="소스 파일\_Question\OfficePrinter">
      <UniqueIdentifier>{c7efa184-3688-48cd-8d2e-297bb2b2fcc4}</UniqueIdentifier>
    </Filter>
    <Filter Include="소스 파일\Tree">
      <UniqueIdentifier>{87d152a2-b5a5-4950-a973-f75f4f3d52d5}</UniqueIdentifier>
    </Filter>
    <Filter Include="소스 파일\Tree\Order">
      <UniqueIdentifier>{926d0165-b787-46fc-ba3c-7d1d46d3981d}</UniqueIdentifier>
    </Filter>
    <Filter Include="소스 파일\Tree\BST">
      <UniqueIdentifier>{aa2b4ad3-b4af-4dc8-9842-08448f5d9a10}</UniqueIdentifier>
    </Filter>
    <Filter Include="소스 파일\_Question\FileSystemStructure">
      <UniqueIdentifier>{13339708-9dd6-4dec-99a5-5a0b4aa82241}</UniqueIdentifier>
    </Filter>
    <Filter Include="소스 파일\Median">
      <UniqueIdentifier>{fdab1526-3091-4931-b828-9a746c6246c4}</UniqueIdentifier>
    </Filter>
    <Filter Include="소스 파일\_Question\DataListMerge">
      <UniqueIdentifier>{65a9081e-2002-402c-bbde-4dc93e46f465}</UniqueIdentifier>
    </Filter>
    <Filter Include="소스 파일\HashTable">
      <UniqueIdentifier>{46d83bfe-f7cf-413f-bec1-fbe74f51e896}</UniqueIdentifier>
    </Filter>
    <Filter Include="소스 파일\HashTable\HashMap">
      <UniqueIdentifier>{83859eca-6d1f-41e2-b2c1-a215db807dba}</UniqueIdentifier>
    </Filter>
    <Filter Include="소스 파일\_Question\URLMapping">
      <UniqueIdentifier>{2dbe152b-492f-4b8d-ac29-15e50943cb3b}</UniqueIdentifier>
    </Filter>
    <Filter Include="소스 파일\HashTable\BloomFilter">
      <UniqueIdentifier>{2b9de6b0-84d1-47fb-9525-d46c79a6987e}</UniqueIdentifier>
    </Filter>
    <Filter Include="소스 파일\_Question\EmailCheck">
      <UniqueIdentifier>{2d913342-202a-4aeb-a54e-9cfebb0f0276}</UniqueIdentifier>
    </Filter>
  </ItemGroup>
  <ItemGroup>
    <ClCompile Include="DynamicArray.cpp">
      <Filter>소스 파일\Array\1.DynamicArray</Filter>
    </ClCompile>
    <ClCompile Include="BuildArray.cpp">
      <Filter>소스 파일\Array\2.BuildArray</Filter>
    </ClCompile>
    <ClCompile Include="forward_list.cpp">
      <Filter>소스 파일\Foward_list</Filter>
    </ClCompile>
    <ClCompile Include="singly_ll.cpp">
      <Filter>소스 파일\UserDefineContainer</Filter>
    </ClCompile>
    <ClCompile Include="itorator.cpp">
      <Filter>소스 파일\Foward_list</Filter>
    </ClCompile>
    <ClCompile Include="playlist.cpp">
      <Filter>소스 파일\_Question\Playlist</Filter>
    </ClCompile>
    <ClCompile Include="cardgame.cpp">
      <Filter>소스 파일\_Question\Cardgame</Filter>
    </ClCompile>
    <ClCompile Include="officePrinter.cpp">
      <Filter>소스 파일\_Question\OfficePrinter</Filter>
    </ClCompile>
    <ClCompile Include="orgTree.cpp">
      <Filter>소스 파일\Tree\Order</Filter>
    </ClCompile>
    <ClCompile Include="levelOrder.cpp">
      <Filter>소스 파일\Tree\Order</Filter>
    </ClCompile>
    <ClCompile Include="BinarySearchTree.cpp">
      <Filter>소스 파일\Tree\BST</Filter>
    </ClCompile>
    <ClCompile Include="FileSystemStructure.cpp">
      <Filter>소스 파일\_Question\FileSystemStructure</Filter>
    </ClCompile>
    <ClCompile Include="Median.cpp">
      <Filter>소스 파일\Median</Filter>
    </ClCompile>
    <ClCompile Include="DataListMerge.cpp">
      <Filter>소스 파일\_Question\DataListMerge</Filter>
    </ClCompile>
    <ClCompile Include="HashMap.cpp">
      <Filter>소스 파일\HashTable\HashMap</Filter>
    </ClCompile>
    <ClCompile Include="Chaining.cpp">
      <Filter>소스 파일\HashTable\HashMap</Filter>
    </ClCompile>
    <ClCompile Include="CuckooHashing.cpp">
      <Filter>소스 파일\HashTable\HashMap</Filter>
    </ClCompile>
    <ClCompile Include="URLMapping.cpp">
      <Filter>소스 파일\_Question\URLMapping</Filter>
    </ClCompile>
    <ClCompile Include="STLHashTable.cpp">
      <Filter>소스 파일\HashTable\HashMap</Filter>
    </ClCompile>
    <ClCompile Include="BloomFilter.cpp">
      <Filter>소스 파일\HashTable\BloomFilter</Filter>
    </ClCompile>
    <ClCompile Include="EmailCheck.cpp">
      <Filter>소스 파일\_Question\EmailCheck</Filter>
    </ClCompile>
  </ItemGroup>
</Project>