<?xml version="1.0" encoding="utf-8"?>
<Project ToolsVersion="4.0" xmlns="http://schemas.microsoft.com/developer/msbuild/2003">
  <ItemGroup>
    <Filter Include="소스 파일">
      <UniqueIdentifier>{4FC737F1-C7A5-4376-A066-2A32D752A2FF}</UniqueIdentifier>
      <Extensions>cpp;c;cc;cxx;c++;cppm;ixx;def;odl;idl;hpj;bat;asm;asmx</Extensions>
    </Filter>
    <Filter Include="리소스 파일">
      <UniqueIdentifier>{67DA6AB6-F800-4c08-8B7A-83BB121AAD01}</UniqueIdentifier>
      <Extensions>rc;ico;cur;bmp;dlg;rc2;rct;bin;rgs;gif;jpg;jpeg;jpe;resx;tiff;tif;png;wav;mfcribbon-ms</Extensions>
    </Filter>
    <Filter Include="소스 파일\Array">
      <UniqueIdentifier>{64e5491c-064f-4682-b14f-fad8e62e24b6}</UniqueIdentifier>
    </Filter>
    <Filter Include="소스 파일\Array\1.DynamicArray">
      <UniqueIdentifier>{d1daec98-e960-43d7-8f39-6d8bfd8650dd}</UniqueIdentifier>
    </Filter>
    <Filter Include="소스 파일\Array\2.BuildArray">
      <UniqueIdentifier>{7b34161f-063e-4702-8d0c-b5d43b2d4dd4}</UniqueIdentifier>
    </Filter>
    <Filter Include="소스 파일\Foward_list">
      <UniqueIdentifier>{51600daa-c316-4ec6-bd67-a26f86f0a287}</UniqueIdentifier>
    </Filter>
    <Filter Include="소스 파일\UserDefineContainer">
      <UniqueIdentifier>{a24c4afa-e8cb-4db7-8665-82be7eaeb21a}</UniqueIdentifier>
    </Filter>
    <Filter Include="소스 파일\_Question">
      <UniqueIdentifier>{77bf0c71-28d1-4ac6-81a2-83ede9c98b41}</UniqueIdentifier>
    </Filter>
    <Filter Include="소스 파일\_Question\Playlist">
      <UniqueIdentifier>{a5b0e69d-c50a-4c84-9c1b-71ded610d3c3}</UniqueIdentifier>
    </Filter>
    <Filter Include="소스 파일\_Question\Cardgame">
      <UniqueIdentifier>{3315b753-e368-429a-b4ca-bf366c67d3ec}</UniqueIdentifier>
    </Filter>
    <Filter Include="소스 파일\_Question\OfficePrinter">
      <UniqueIdentifier>{c7efa184-3688-48cd-8d2e-297bb2b2fcc4}</UniqueIdentifier>
    </Filter>
  </ItemGroup>
  <ItemGroup>
    <ClCompile Include="DynamicArray.cpp">
      <Filter>소스 파일\Array\1.DynamicArray</Filter>
    </ClCompile>
    <ClCompile Include="BuildArray.cpp">
      <Filter>소스 파일\Array\2.BuildArray</Filter>
    </ClCompile>
    <ClCompile Include="forward_list.cpp">
      <Filter>소스 파일\Foward_list</Filter>
    </ClCompile>
    <ClCompile Include="singly_ll.cpp">
      <Filter>소스 파일\UserDefineContainer</Filter>
    </ClCompile>
    <ClCompile Include="itorator.cpp">
      <Filter>소스 파일\Foward_list</Filter>
    </ClCompile>
    <ClCompile Include="playlist.cpp">
      <Filter>소스 파일\_Question\Playlist</Filter>
    </ClCompile>
    <ClCompile Include="cardgame.cpp">
      <Filter>소스 파일\_Question\Cardgame</Filter>
    </ClCompile>
    <ClCompile Include="officePrinter.cpp">
      <Filter>소스 파일\_Question\OfficePrinter</Filter>
    </ClCompile>
  </ItemGroup>
</Project>